
Microsoft Visual Studio Solution File, Format Version 12.00
# Visual Studio Version 16
VisualStudioVersion = 16.0.31005.135
MinimumVisualStudioVersion = 10.0.40219.1
Project("{FAE04EC0-301F-11D3-BF4B-00C04F79EFBC}") = "AssInfo", "AssInfo\AssInfo.csproj", "{9F7BECB6-2CB7-4E11-95CF-255CCED8695C}"
EndProject
Project("{9A19103F-16F7-4668-BE54-9A1E7A4F7556}") = "AssInfo.Logic", "AssInfo.Logic\AssInfo.Logic.csproj", "{A649A2E0-D765-4FD8-84E6-F47E8637FCB5}"
EndProject
Project("{9A19103F-16F7-4668-BE54-9A1E7A4F7556}") = "AssInfo.Logic.Test", "AssInfo.Logic.Test\AssInfo.Logic.Test.csproj", "{BD1F37BA-81A4-4B7E-9840-109BB15547DA}"
EndProject
Project("{2150E333-8FDC-42A3-9474-1A3956D46DE8}") = "Solution Items", "Solution Items", "{38EB8E10-76D5-4F55-95A9-FA4019B23606}"
	ProjectSection(SolutionItems) = preProject
		README.md = README.md
	EndProjectSection
EndProject
Project("{2150E333-8FDC-42A3-9474-1A3956D46DE8}") = "BuildGraphs", "BuildGraphs", "{F0970420-4995-4994-A93C-8B0EBFB8CA09}"
	ProjectSection(SolutionItems) = preProject
		BuildGraphs\BuildGraphs.cmd = BuildGraphs\BuildGraphs.cmd
		BuildGraphs\ReferenceConflictAnalyser.dll = BuildGraphs\ReferenceConflictAnalyser.dll
		BuildGraphs\ReferenceConflictAnalyzer.CommandLine.exe = BuildGraphs\ReferenceConflictAnalyzer.CommandLine.exe
	EndProjectSection
EndProject
Project("{9A19103F-16F7-4668-BE54-9A1E7A4F7556}") = "MergeGraphs.Logic", "MergeGraphs.Logic\MergeGraphs.Logic.csproj", "{C42ED430-AE8F-41AC-8506-2178E4875256}"
EndProject
Project("{FAE04EC0-301F-11D3-BF4B-00C04F79EFBC}") = "MergeGraphs", "MergeGraphs\MergeGraphs.csproj", "{F1B637D7-678D-4674-9D85-90127E2AAB25}"
EndProject
Project("{9A19103F-16F7-4668-BE54-9A1E7A4F7556}") = "MergeGraphs.Logic.Test", "MergeGraphs.Logic.Test\MergeGraphs.Logic.Test.csproj", "{4D71FF75-F2D0-4D4A-AD79-826A79CAE943}"
EndProject
Project("{FAE04EC0-301F-11D3-BF4B-00C04F79EFBC}") = "GravityLayout", "GravityLayout\GravityLayout.csproj", "{AA051BEC-AA74-4CF1-AAAD-D8A566BB5C37}"
EndProject
Project("{FAE04EC0-301F-11D3-BF4B-00C04F79EFBC}") = "GravityLayout.Logic", "GravityLayout.Logic\GravityLayout.Logic.csproj", "{263AA49A-568E-47E1-822B-51B602B92949}"
EndProject
Project("{FAE04EC0-301F-11D3-BF4B-00C04F79EFBC}") = "GravityLayout.Logic.Test", "GravityLayout.Logic.Test\GravityLayout.Logic.Test.csproj", "{BFF9D2AB-E345-4BA4-8C10-3454F1A5ACC9}"
EndProject
Project("{FAE04EC0-301F-11D3-BF4B-00C04F79EFBC}") = "Dgml", "Dgml\Dgml.csproj", "{E86636DC-64F3-4173-8D1B-BF7B55CEAB70}"
EndProject
Global
	GlobalSection(SolutionConfigurationPlatforms) = preSolution
		Debug|Any CPU = Debug|Any CPU
		Release|Any CPU = Release|Any CPU
	EndGlobalSection
	GlobalSection(ProjectConfigurationPlatforms) = postSolution
		{9F7BECB6-2CB7-4E11-95CF-255CCED8695C}.Debug|Any CPU.ActiveCfg = Debug|Any CPU
		{9F7BECB6-2CB7-4E11-95CF-255CCED8695C}.Debug|Any CPU.Build.0 = Debug|Any CPU
		{9F7BECB6-2CB7-4E11-95CF-255CCED8695C}.Release|Any CPU.ActiveCfg = Release|Any CPU
		{9F7BECB6-2CB7-4E11-95CF-255CCED8695C}.Release|Any CPU.Build.0 = Release|Any CPU
		{A649A2E0-D765-4FD8-84E6-F47E8637FCB5}.Debug|Any CPU.ActiveCfg = Debug|Any CPU
		{A649A2E0-D765-4FD8-84E6-F47E8637FCB5}.Debug|Any CPU.Build.0 = Debug|Any CPU
		{A649A2E0-D765-4FD8-84E6-F47E8637FCB5}.Release|Any CPU.ActiveCfg = Release|Any CPU
		{A649A2E0-D765-4FD8-84E6-F47E8637FCB5}.Release|Any CPU.Build.0 = Release|Any CPU
		{BD1F37BA-81A4-4B7E-9840-109BB15547DA}.Debug|Any CPU.ActiveCfg = Debug|Any CPU
		{BD1F37BA-81A4-4B7E-9840-109BB15547DA}.Debug|Any CPU.Build.0 = Debug|Any CPU
		{BD1F37BA-81A4-4B7E-9840-109BB15547DA}.Release|Any CPU.ActiveCfg = Release|Any CPU
		{BD1F37BA-81A4-4B7E-9840-109BB15547DA}.Release|Any CPU.Build.0 = Release|Any CPU
		{C42ED430-AE8F-41AC-8506-2178E4875256}.Debug|Any CPU.ActiveCfg = Debug|Any CPU
		{C42ED430-AE8F-41AC-8506-2178E4875256}.Debug|Any CPU.Build.0 = Debug|Any CPU
		{C42ED430-AE8F-41AC-8506-2178E4875256}.Release|Any CPU.ActiveCfg = Release|Any CPU
		{C42ED430-AE8F-41AC-8506-2178E4875256}.Release|Any CPU.Build.0 = Release|Any CPU
		{F1B637D7-678D-4674-9D85-90127E2AAB25}.Debug|Any CPU.ActiveCfg = Debug|Any CPU
		{F1B637D7-678D-4674-9D85-90127E2AAB25}.Debug|Any CPU.Build.0 = Debug|Any CPU
		{F1B637D7-678D-4674-9D85-90127E2AAB25}.Release|Any CPU.ActiveCfg = Release|Any CPU
		{F1B637D7-678D-4674-9D85-90127E2AAB25}.Release|Any CPU.Build.0 = Release|Any CPU
		{4D71FF75-F2D0-4D4A-AD79-826A79CAE943}.Debug|Any CPU.ActiveCfg = Debug|Any CPU
		{4D71FF75-F2D0-4D4A-AD79-826A79CAE943}.Debug|Any CPU.Build.0 = Debug|Any CPU
		{4D71FF75-F2D0-4D4A-AD79-826A79CAE943}.Release|Any CPU.ActiveCfg = Release|Any CPU
		{4D71FF75-F2D0-4D4A-AD79-826A79CAE943}.Release|Any CPU.Build.0 = Release|Any CPU
		{AA051BEC-AA74-4CF1-AAAD-D8A566BB5C37}.Debug|Any CPU.ActiveCfg = Debug|Any CPU
		{AA051BEC-AA74-4CF1-AAAD-D8A566BB5C37}.Debug|Any CPU.Build.0 = Debug|Any CPU
		{AA051BEC-AA74-4CF1-AAAD-D8A566BB5C37}.Release|Any CPU.ActiveCfg = Release|Any CPU
		{AA051BEC-AA74-4CF1-AAAD-D8A566BB5C37}.Release|Any CPU.Build.0 = Release|Any CPU
		{263AA49A-568E-47E1-822B-51B602B92949}.Debug|Any CPU.ActiveCfg = Debug|Any CPU
		{263AA49A-568E-47E1-822B-51B602B92949}.Debug|Any CPU.Build.0 = Debug|Any CPU
		{263AA49A-568E-47E1-822B-51B602B92949}.Release|Any CPU.ActiveCfg = Release|Any CPU
		{263AA49A-568E-47E1-822B-51B602B92949}.Release|Any CPU.Build.0 = Release|Any CPU
		{BFF9D2AB-E345-4BA4-8C10-3454F1A5ACC9}.Debug|Any CPU.ActiveCfg = Debug|Any CPU
		{BFF9D2AB-E345-4BA4-8C10-3454F1A5ACC9}.Debug|Any CPU.Build.0 = Debug|Any CPU
		{BFF9D2AB-E345-4BA4-8C10-3454F1A5ACC9}.Release|Any CPU.ActiveCfg = Release|Any CPU
		{BFF9D2AB-E345-4BA4-8C10-3454F1A5ACC9}.Release|Any CPU.Build.0 = Release|Any CPU
		{E86636DC-64F3-4173-8D1B-BF7B55CEAB70}.Debug|Any CPU.ActiveCfg = Debug|Any CPU
		{E86636DC-64F3-4173-8D1B-BF7B55CEAB70}.Debug|Any CPU.Build.0 = Debug|Any CPU
		{E86636DC-64F3-4173-8D1B-BF7B55CEAB70}.Release|Any CPU.ActiveCfg = Release|Any CPU
		{E86636DC-64F3-4173-8D1B-BF7B55CEAB70}.Release|Any CPU.Build.0 = Release|Any CPU
	EndGlobalSection
	GlobalSection(SolutionProperties) = preSolution
		HideSolutionNode = FALSE
	EndGlobalSection
	GlobalSection(ExtensibilityGlobals) = postSolution
		SolutionGuid = {B060189A-B297-4B17-9417-0C2DD7F5C95E}
	EndGlobalSection
EndGlobal
