
Microsoft Visual Studio Solution File, Format Version 12.00
# Visual Studio Version 16
VisualStudioVersion = 16.0.31005.135
MinimumVisualStudioVersion = 10.0.40219.1
Project("{FAE04EC0-301F-11D3-BF4B-00C04F79EFBC}") = "AssembliesByRepo", "AssembliesByRepo\AssembliesByRepo.csproj", "{9F7BECB6-2CB7-4E11-95CF-255CCED8695C}"
EndProject
Project("{9A19103F-16F7-4668-BE54-9A1E7A4F7556}") = "AssembliesByRepo.Logic", "AssembliesByRepo.Logic\AssembliesByRepo.Logic.csproj", "{B34DE84A-AECD-42DC-AF78-1F540838F2C4}"
EndProject
Project("{FAE04EC0-301F-11D3-BF4B-00C04F79EFBC}") = "AssembliesByRepo.Logic.Test", "AssembliesByRepo.Logic.Test\AssembliesByRepo.Logic.Test.csproj", "{5DB9CD18-EEF4-469B-BFF8-14160EB22249}"
EndProject
Global
	GlobalSection(SolutionConfigurationPlatforms) = preSolution
		Debug|Any CPU = Debug|Any CPU
		Release|Any CPU = Release|Any CPU
	EndGlobalSection
	GlobalSection(ProjectConfigurationPlatforms) = postSolution
		{9F7BECB6-2CB7-4E11-95CF-255CCED8695C}.Debug|Any CPU.ActiveCfg = Debug|Any CPU
		{9F7BECB6-2CB7-4E11-95CF-255CCED8695C}.Debug|Any CPU.Build.0 = Debug|Any CPU
		{9F7BECB6-2CB7-4E11-95CF-255CCED8695C}.Release|Any CPU.ActiveCfg = Release|Any CPU
		{9F7BECB6-2CB7-4E11-95CF-255CCED8695C}.Release|Any CPU.Build.0 = Release|Any CPU
		{B34DE84A-AECD-42DC-AF78-1F540838F2C4}.Debug|Any CPU.ActiveCfg = Debug|Any CPU
		{B34DE84A-AECD-42DC-AF78-1F540838F2C4}.Debug|Any CPU.Build.0 = Debug|Any CPU
		{B34DE84A-AECD-42DC-AF78-1F540838F2C4}.Release|Any CPU.ActiveCfg = Release|Any CPU
		{B34DE84A-AECD-42DC-AF78-1F540838F2C4}.Release|Any CPU.Build.0 = Release|Any CPU
		{5DB9CD18-EEF4-469B-BFF8-14160EB22249}.Debug|Any CPU.ActiveCfg = Debug|Any CPU
		{5DB9CD18-EEF4-469B-BFF8-14160EB22249}.Debug|Any CPU.Build.0 = Debug|Any CPU
		{5DB9CD18-EEF4-469B-BFF8-14160EB22249}.Release|Any CPU.ActiveCfg = Release|Any CPU
		{5DB9CD18-EEF4-469B-BFF8-14160EB22249}.Release|Any CPU.Build.0 = Release|Any CPU
	EndGlobalSection
	GlobalSection(SolutionProperties) = preSolution
		HideSolutionNode = FALSE
	EndGlobalSection
	GlobalSection(ExtensibilityGlobals) = postSolution
		SolutionGuid = {B060189A-B297-4B17-9417-0C2DD7F5C95E}
	EndGlobalSection
EndGlobal
